
Microsoft Visual Studio Solution File, Format Version 12.00
# Visual Studio 15
VisualStudioVersion = 15.0.26403.7
MinimumVisualStudioVersion = 10.0.40219.1
Project("{FAE04EC0-301F-11D3-BF4B-00C04F79EFBC}") = "MARRSS", "MARRSS\MARRSS.csproj", "{EC6A7FA6-5EC1-4B4A-A2ED-390362B738DB}"
EndProject
Global
	GlobalSection(SolutionConfigurationPlatforms) = preSolution
		Debug|Any CPU = Debug|Any CPU
		Debug|x64 = Debug|x64
		Release|Any CPU = Release|Any CPU
		Release|x64 = Release|x64
	EndGlobalSection
	GlobalSection(ProjectConfigurationPlatforms) = postSolution
		{EC6A7FA6-5EC1-4B4A-A2ED-390362B738DB}.Debug|Any CPU.ActiveCfg = Debug|Any CPU
		{EC6A7FA6-5EC1-4B4A-A2ED-390362B738DB}.Debug|Any CPU.Build.0 = Debug|Any CPU
		{EC6A7FA6-5EC1-4B4A-A2ED-390362B738DB}.Debug|x64.ActiveCfg = Debug|x64
		{EC6A7FA6-5EC1-4B4A-A2ED-390362B738DB}.Debug|x64.Build.0 = Debug|x64
		{EC6A7FA6-5EC1-4B4A-A2ED-390362B738DB}.Release|Any CPU.ActiveCfg = Release|Any CPU
		{EC6A7FA6-5EC1-4B4A-A2ED-390362B738DB}.Release|Any CPU.Build.0 = Release|Any CPU
		{EC6A7FA6-5EC1-4B4A-A2ED-390362B738DB}.Release|x64.ActiveCfg = Debug|x64
		{EC6A7FA6-5EC1-4B4A-A2ED-390362B738DB}.Release|x64.Build.0 = Debug|x64
	EndGlobalSection
	GlobalSection(SolutionProperties) = preSolution
		HideSolutionNode = FALSE
	EndGlobalSection
EndGlobal
